
Microsoft Visual Studio Solution File, Format Version 12.00
# Visual Studio 15
VisualStudioVersion = 15.0.26124.0
MinimumVisualStudioVersion = 15.0.26124.0
Project("{2150E333-8FDC-42A3-9474-1A3956D46DE8}") = "src", "src", "{F9B8634E-4788-4861-9E27-64CA39587B25}"
EndProject
Project("{FAE04EC0-301F-11D3-BF4B-00C04F79EFBC}") = "SecretSanta.Domain", "src\SecretSanta.Domain\SecretSanta.Domain.csproj", "{3F91707C-FE99-41E6-A2FE-24B83686B0F8}"
EndProject
Project("{2150E333-8FDC-42A3-9474-1A3956D46DE8}") = "test", "test", "{F7367563-82D3-4FEB-B941-824C2D6FEC2B}"
EndProject
Project("{FAE04EC0-301F-11D3-BF4B-00C04F79EFBC}") = "SecretSanta.Domain.Tests", "test\SecretSanta.Domain.Tests\SecretSanta.Domain.Tests.csproj", "{2E9CDF08-30A1-4EDE-BCED-E80B4ABB9657}"
EndProject
Global
	GlobalSection(SolutionConfigurationPlatforms) = preSolution
		Debug|Any CPU = Debug|Any CPU
		Debug|x64 = Debug|x64
		Debug|x86 = Debug|x86
		Release|Any CPU = Release|Any CPU
		Release|x64 = Release|x64
		Release|x86 = Release|x86
	EndGlobalSection
	GlobalSection(SolutionProperties) = preSolution
		HideSolutionNode = FALSE
	EndGlobalSection
	GlobalSection(ProjectConfigurationPlatforms) = postSolution
		{3F91707C-FE99-41E6-A2FE-24B83686B0F8}.Debug|Any CPU.ActiveCfg = Debug|Any CPU
		{3F91707C-FE99-41E6-A2FE-24B83686B0F8}.Debug|Any CPU.Build.0 = Debug|Any CPU
		{3F91707C-FE99-41E6-A2FE-24B83686B0F8}.Debug|x64.ActiveCfg = Debug|Any CPU
		{3F91707C-FE99-41E6-A2FE-24B83686B0F8}.Debug|x64.Build.0 = Debug|Any CPU
		{3F91707C-FE99-41E6-A2FE-24B83686B0F8}.Debug|x86.ActiveCfg = Debug|Any CPU
		{3F91707C-FE99-41E6-A2FE-24B83686B0F8}.Debug|x86.Build.0 = Debug|Any CPU
		{3F91707C-FE99-41E6-A2FE-24B83686B0F8}.Release|Any CPU.ActiveCfg = Release|Any CPU
		{3F91707C-FE99-41E6-A2FE-24B83686B0F8}.Release|Any CPU.Build.0 = Release|Any CPU
		{3F91707C-FE99-41E6-A2FE-24B83686B0F8}.Release|x64.ActiveCfg = Release|Any CPU
		{3F91707C-FE99-41E6-A2FE-24B83686B0F8}.Release|x64.Build.0 = Release|Any CPU
		{3F91707C-FE99-41E6-A2FE-24B83686B0F8}.Release|x86.ActiveCfg = Release|Any CPU
		{3F91707C-FE99-41E6-A2FE-24B83686B0F8}.Release|x86.Build.0 = Release|Any CPU
		{2E9CDF08-30A1-4EDE-BCED-E80B4ABB9657}.Debug|Any CPU.ActiveCfg = Debug|Any CPU
		{2E9CDF08-30A1-4EDE-BCED-E80B4ABB9657}.Debug|Any CPU.Build.0 = Debug|Any CPU
		{2E9CDF08-30A1-4EDE-BCED-E80B4ABB9657}.Debug|x64.ActiveCfg = Debug|Any CPU
		{2E9CDF08-30A1-4EDE-BCED-E80B4ABB9657}.Debug|x64.Build.0 = Debug|Any CPU
		{2E9CDF08-30A1-4EDE-BCED-E80B4ABB9657}.Debug|x86.ActiveCfg = Debug|Any CPU
		{2E9CDF08-30A1-4EDE-BCED-E80B4ABB9657}.Debug|x86.Build.0 = Debug|Any CPU
		{2E9CDF08-30A1-4EDE-BCED-E80B4ABB9657}.Release|Any CPU.ActiveCfg = Release|Any CPU
		{2E9CDF08-30A1-4EDE-BCED-E80B4ABB9657}.Release|Any CPU.Build.0 = Release|Any CPU
		{2E9CDF08-30A1-4EDE-BCED-E80B4ABB9657}.Release|x64.ActiveCfg = Release|Any CPU
		{2E9CDF08-30A1-4EDE-BCED-E80B4ABB9657}.Release|x64.Build.0 = Release|Any CPU
		{2E9CDF08-30A1-4EDE-BCED-E80B4ABB9657}.Release|x86.ActiveCfg = Release|Any CPU
		{2E9CDF08-30A1-4EDE-BCED-E80B4ABB9657}.Release|x86.Build.0 = Release|Any CPU
	EndGlobalSection
	GlobalSection(NestedProjects) = preSolution
		{3F91707C-FE99-41E6-A2FE-24B83686B0F8} = {F9B8634E-4788-4861-9E27-64CA39587B25}
		{2E9CDF08-30A1-4EDE-BCED-E80B4ABB9657} = {F7367563-82D3-4FEB-B941-824C2D6FEC2B}
	EndGlobalSection
EndGlobal
