
Microsoft Visual Studio Solution File, Format Version 12.00
# Visual Studio 15
VisualStudioVersion = 15.0.26124.0
MinimumVisualStudioVersion = 15.0.26124.0
Project("{2150E333-8FDC-42A3-9474-1A3956D46DE8}") = "src", "src", "{F31F741B-2C28-43AD-BA9B-C0E178F19CBF}"
EndProject
Project("{FAE04EC0-301F-11D3-BF4B-00C04F79EFBC}") = "SecretSanta.Domain", "src\SecretSanta.Domain\SecretSanta.Domain.csproj", "{9BE22854-C9A1-454F-80E0-B61C75A1CB76}"
EndProject
Project("{2150E333-8FDC-42A3-9474-1A3956D46DE8}") = "test", "test", "{7B07E5B3-AB42-411B-82B3-395EC918399F}"
EndProject
Project("{FAE04EC0-301F-11D3-BF4B-00C04F79EFBC}") = "SecretSanta.Domain.Tests", "test\SecretSanta.Domain.Tests\SecretSanta.Domain.Tests.csproj", "{3DEB8E92-936E-4053-9AA6-FBF741B92F86}"
EndProject
Global
	GlobalSection(SolutionConfigurationPlatforms) = preSolution
		Debug|Any CPU = Debug|Any CPU
		Debug|x64 = Debug|x64
		Debug|x86 = Debug|x86
		Release|Any CPU = Release|Any CPU
		Release|x64 = Release|x64
		Release|x86 = Release|x86
	EndGlobalSection
	GlobalSection(SolutionProperties) = preSolution
		HideSolutionNode = FALSE
	EndGlobalSection
	GlobalSection(ProjectConfigurationPlatforms) = postSolution
		{9BE22854-C9A1-454F-80E0-B61C75A1CB76}.Debug|Any CPU.ActiveCfg = Debug|Any CPU
		{9BE22854-C9A1-454F-80E0-B61C75A1CB76}.Debug|Any CPU.Build.0 = Debug|Any CPU
		{9BE22854-C9A1-454F-80E0-B61C75A1CB76}.Debug|x64.ActiveCfg = Debug|Any CPU
		{9BE22854-C9A1-454F-80E0-B61C75A1CB76}.Debug|x64.Build.0 = Debug|Any CPU
		{9BE22854-C9A1-454F-80E0-B61C75A1CB76}.Debug|x86.ActiveCfg = Debug|Any CPU
		{9BE22854-C9A1-454F-80E0-B61C75A1CB76}.Debug|x86.Build.0 = Debug|Any CPU
		{9BE22854-C9A1-454F-80E0-B61C75A1CB76}.Release|Any CPU.ActiveCfg = Release|Any CPU
		{9BE22854-C9A1-454F-80E0-B61C75A1CB76}.Release|Any CPU.Build.0 = Release|Any CPU
		{9BE22854-C9A1-454F-80E0-B61C75A1CB76}.Release|x64.ActiveCfg = Release|Any CPU
		{9BE22854-C9A1-454F-80E0-B61C75A1CB76}.Release|x64.Build.0 = Release|Any CPU
		{9BE22854-C9A1-454F-80E0-B61C75A1CB76}.Release|x86.ActiveCfg = Release|Any CPU
		{9BE22854-C9A1-454F-80E0-B61C75A1CB76}.Release|x86.Build.0 = Release|Any CPU
		{3DEB8E92-936E-4053-9AA6-FBF741B92F86}.Debug|Any CPU.ActiveCfg = Debug|Any CPU
		{3DEB8E92-936E-4053-9AA6-FBF741B92F86}.Debug|Any CPU.Build.0 = Debug|Any CPU
		{3DEB8E92-936E-4053-9AA6-FBF741B92F86}.Debug|x64.ActiveCfg = Debug|Any CPU
		{3DEB8E92-936E-4053-9AA6-FBF741B92F86}.Debug|x64.Build.0 = Debug|Any CPU
		{3DEB8E92-936E-4053-9AA6-FBF741B92F86}.Debug|x86.ActiveCfg = Debug|Any CPU
		{3DEB8E92-936E-4053-9AA6-FBF741B92F86}.Debug|x86.Build.0 = Debug|Any CPU
		{3DEB8E92-936E-4053-9AA6-FBF741B92F86}.Release|Any CPU.ActiveCfg = Release|Any CPU
		{3DEB8E92-936E-4053-9AA6-FBF741B92F86}.Release|Any CPU.Build.0 = Release|Any CPU
		{3DEB8E92-936E-4053-9AA6-FBF741B92F86}.Release|x64.ActiveCfg = Release|Any CPU
		{3DEB8E92-936E-4053-9AA6-FBF741B92F86}.Release|x64.Build.0 = Release|Any CPU
		{3DEB8E92-936E-4053-9AA6-FBF741B92F86}.Release|x86.ActiveCfg = Release|Any CPU
		{3DEB8E92-936E-4053-9AA6-FBF741B92F86}.Release|x86.Build.0 = Release|Any CPU
	EndGlobalSection
	GlobalSection(NestedProjects) = preSolution
		{9BE22854-C9A1-454F-80E0-B61C75A1CB76} = {F31F741B-2C28-43AD-BA9B-C0E178F19CBF}
		{3DEB8E92-936E-4053-9AA6-FBF741B92F86} = {7B07E5B3-AB42-411B-82B3-395EC918399F}
	EndGlobalSection
EndGlobal
