
Microsoft Visual Studio Solution File, Format Version 12.00
# Visual Studio 15
VisualStudioVersion = 15.0.26124.0
MinimumVisualStudioVersion = 15.0.26124.0
Project("{2150E333-8FDC-42A3-9474-1A3956D46DE8}") = "src", "src", "{00DE3F09-395E-4015-A63C-3373E75C6CF6}"
EndProject
Project("{FAE04EC0-301F-11D3-BF4B-00C04F79EFBC}") = "SecretSanta.Domain", "src\SecretSanta.Domain\SecretSanta.Domain.csproj", "{EDEF3190-48CF-436E-96BC-8D3963999757}"
EndProject
Project("{2150E333-8FDC-42A3-9474-1A3956D46DE8}") = "test", "test", "{D7A9DED8-5FBA-46F1-ADAE-795FEFBFFE79}"
EndProject
Project("{FAE04EC0-301F-11D3-BF4B-00C04F79EFBC}") = "SecretSanta.Domain.Tests", "test\SecretSanta.Domain.Tests\SecretSanta.Domain.Tests.csproj", "{1D552BF1-78CD-4814-B1CD-20CA5FB0A110}"
EndProject
Global
	GlobalSection(SolutionConfigurationPlatforms) = preSolution
		Debug|Any CPU = Debug|Any CPU
		Debug|x64 = Debug|x64
		Debug|x86 = Debug|x86
		Release|Any CPU = Release|Any CPU
		Release|x64 = Release|x64
		Release|x86 = Release|x86
	EndGlobalSection
	GlobalSection(SolutionProperties) = preSolution
		HideSolutionNode = FALSE
	EndGlobalSection
	GlobalSection(ProjectConfigurationPlatforms) = postSolution
		{EDEF3190-48CF-436E-96BC-8D3963999757}.Debug|Any CPU.ActiveCfg = Debug|Any CPU
		{EDEF3190-48CF-436E-96BC-8D3963999757}.Debug|Any CPU.Build.0 = Debug|Any CPU
		{EDEF3190-48CF-436E-96BC-8D3963999757}.Debug|x64.ActiveCfg = Debug|Any CPU
		{EDEF3190-48CF-436E-96BC-8D3963999757}.Debug|x64.Build.0 = Debug|Any CPU
		{EDEF3190-48CF-436E-96BC-8D3963999757}.Debug|x86.ActiveCfg = Debug|Any CPU
		{EDEF3190-48CF-436E-96BC-8D3963999757}.Debug|x86.Build.0 = Debug|Any CPU
		{EDEF3190-48CF-436E-96BC-8D3963999757}.Release|Any CPU.ActiveCfg = Release|Any CPU
		{EDEF3190-48CF-436E-96BC-8D3963999757}.Release|Any CPU.Build.0 = Release|Any CPU
		{EDEF3190-48CF-436E-96BC-8D3963999757}.Release|x64.ActiveCfg = Release|Any CPU
		{EDEF3190-48CF-436E-96BC-8D3963999757}.Release|x64.Build.0 = Release|Any CPU
		{EDEF3190-48CF-436E-96BC-8D3963999757}.Release|x86.ActiveCfg = Release|Any CPU
		{EDEF3190-48CF-436E-96BC-8D3963999757}.Release|x86.Build.0 = Release|Any CPU
		{1D552BF1-78CD-4814-B1CD-20CA5FB0A110}.Debug|Any CPU.ActiveCfg = Debug|Any CPU
		{1D552BF1-78CD-4814-B1CD-20CA5FB0A110}.Debug|Any CPU.Build.0 = Debug|Any CPU
		{1D552BF1-78CD-4814-B1CD-20CA5FB0A110}.Debug|x64.ActiveCfg = Debug|Any CPU
		{1D552BF1-78CD-4814-B1CD-20CA5FB0A110}.Debug|x64.Build.0 = Debug|Any CPU
		{1D552BF1-78CD-4814-B1CD-20CA5FB0A110}.Debug|x86.ActiveCfg = Debug|Any CPU
		{1D552BF1-78CD-4814-B1CD-20CA5FB0A110}.Debug|x86.Build.0 = Debug|Any CPU
		{1D552BF1-78CD-4814-B1CD-20CA5FB0A110}.Release|Any CPU.ActiveCfg = Release|Any CPU
		{1D552BF1-78CD-4814-B1CD-20CA5FB0A110}.Release|Any CPU.Build.0 = Release|Any CPU
		{1D552BF1-78CD-4814-B1CD-20CA5FB0A110}.Release|x64.ActiveCfg = Release|Any CPU
		{1D552BF1-78CD-4814-B1CD-20CA5FB0A110}.Release|x64.Build.0 = Release|Any CPU
		{1D552BF1-78CD-4814-B1CD-20CA5FB0A110}.Release|x86.ActiveCfg = Release|Any CPU
		{1D552BF1-78CD-4814-B1CD-20CA5FB0A110}.Release|x86.Build.0 = Release|Any CPU
	EndGlobalSection
	GlobalSection(NestedProjects) = preSolution
		{EDEF3190-48CF-436E-96BC-8D3963999757} = {00DE3F09-395E-4015-A63C-3373E75C6CF6}
		{1D552BF1-78CD-4814-B1CD-20CA5FB0A110} = {D7A9DED8-5FBA-46F1-ADAE-795FEFBFFE79}
	EndGlobalSection
EndGlobal
