
Microsoft Visual Studio Solution File, Format Version 12.00
# Visual Studio 15
VisualStudioVersion = 15.0.26124.0
MinimumVisualStudioVersion = 15.0.26124.0
Project("{9A19103F-16F7-4668-BE54-9A1E7A4F7556}") = "SecretSanta.Domain", "SecretSanta.Domain\SecretSanta.Domain.csproj", "{ED654FAD-38C4-45F2-B4C1-DF6A05D528F9}"
EndProject
Project("{FAE04EC0-301F-11D3-BF4B-00C04F79EFBC}") = "SecretSanta.Domain.Tests", "SecretSanta.Domain.Tests\SecretSanta.Domain.Tests.csproj", "{FCD82B3D-F0C0-45E2-90AC-FBA64692577E}"
EndProject
Global
	GlobalSection(SolutionConfigurationPlatforms) = preSolution
		Debug|Any CPU = Debug|Any CPU
		Debug|x64 = Debug|x64
		Debug|x86 = Debug|x86
		Release|Any CPU = Release|Any CPU
		Release|x64 = Release|x64
		Release|x86 = Release|x86
	EndGlobalSection
	GlobalSection(ProjectConfigurationPlatforms) = postSolution
		{ED654FAD-38C4-45F2-B4C1-DF6A05D528F9}.Debug|Any CPU.ActiveCfg = Debug|Any CPU
		{ED654FAD-38C4-45F2-B4C1-DF6A05D528F9}.Debug|Any CPU.Build.0 = Debug|Any CPU
		{ED654FAD-38C4-45F2-B4C1-DF6A05D528F9}.Debug|x64.ActiveCfg = Debug|Any CPU
		{ED654FAD-38C4-45F2-B4C1-DF6A05D528F9}.Debug|x64.Build.0 = Debug|Any CPU
		{ED654FAD-38C4-45F2-B4C1-DF6A05D528F9}.Debug|x86.ActiveCfg = Debug|Any CPU
		{ED654FAD-38C4-45F2-B4C1-DF6A05D528F9}.Debug|x86.Build.0 = Debug|Any CPU
		{ED654FAD-38C4-45F2-B4C1-DF6A05D528F9}.Release|Any CPU.ActiveCfg = Release|Any CPU
		{ED654FAD-38C4-45F2-B4C1-DF6A05D528F9}.Release|Any CPU.Build.0 = Release|Any CPU
		{ED654FAD-38C4-45F2-B4C1-DF6A05D528F9}.Release|x64.ActiveCfg = Release|Any CPU
		{ED654FAD-38C4-45F2-B4C1-DF6A05D528F9}.Release|x64.Build.0 = Release|Any CPU
		{ED654FAD-38C4-45F2-B4C1-DF6A05D528F9}.Release|x86.ActiveCfg = Release|Any CPU
		{ED654FAD-38C4-45F2-B4C1-DF6A05D528F9}.Release|x86.Build.0 = Release|Any CPU
		{FCD82B3D-F0C0-45E2-90AC-FBA64692577E}.Debug|Any CPU.ActiveCfg = Debug|Any CPU
		{FCD82B3D-F0C0-45E2-90AC-FBA64692577E}.Debug|Any CPU.Build.0 = Debug|Any CPU
		{FCD82B3D-F0C0-45E2-90AC-FBA64692577E}.Debug|x64.ActiveCfg = Debug|Any CPU
		{FCD82B3D-F0C0-45E2-90AC-FBA64692577E}.Debug|x64.Build.0 = Debug|Any CPU
		{FCD82B3D-F0C0-45E2-90AC-FBA64692577E}.Debug|x86.ActiveCfg = Debug|Any CPU
		{FCD82B3D-F0C0-45E2-90AC-FBA64692577E}.Debug|x86.Build.0 = Debug|Any CPU
		{FCD82B3D-F0C0-45E2-90AC-FBA64692577E}.Release|Any CPU.ActiveCfg = Release|Any CPU
		{FCD82B3D-F0C0-45E2-90AC-FBA64692577E}.Release|Any CPU.Build.0 = Release|Any CPU
		{FCD82B3D-F0C0-45E2-90AC-FBA64692577E}.Release|x64.ActiveCfg = Release|Any CPU
		{FCD82B3D-F0C0-45E2-90AC-FBA64692577E}.Release|x64.Build.0 = Release|Any CPU
		{FCD82B3D-F0C0-45E2-90AC-FBA64692577E}.Release|x86.ActiveCfg = Release|Any CPU
		{FCD82B3D-F0C0-45E2-90AC-FBA64692577E}.Release|x86.Build.0 = Release|Any CPU
	EndGlobalSection
	GlobalSection(SolutionProperties) = preSolution
		HideSolutionNode = FALSE
	EndGlobalSection
	GlobalSection(ExtensibilityGlobals) = postSolution
		SolutionGuid = {2F4C29BF-0670-45DF-9103-8F868948880A}
	EndGlobalSection
EndGlobal
